<?xml version="1.0" encoding="utf-8"?>
<Project ToolsVersion="4.0" xmlns="http://schemas.microsoft.com/developer/msbuild/2003">
  <ItemGroup>
    <Filter Include="win32">
      <UniqueIdentifier>{84a8ebd7-7cf0-47f6-b75e-d441df67da40}</UniqueIdentifier>
    </Filter>
    <Filter Include="resource">
      <UniqueIdentifier>{715254bc-d70b-4ec5-bf29-467dd3ace079}</UniqueIdentifier>
    </Filter>
    <Filter Include="src">
      <UniqueIdentifier>{bb6c862e-70e9-49d9-81b7-3829a6f50471}</UniqueIdentifier>
    </Filter>
    <Filter Include="src\utils">
      <UniqueIdentifier>{e70071c1-b809-49d8-b4f0-edb4013673b4}</UniqueIdentifier>
    </Filter>
    <Filter Include="src\game">
      <UniqueIdentifier>{d82997fd-7d41-4ed3-9022-fb3c35a780dd}</UniqueIdentifier>
    </Filter>
  </ItemGroup>
  <ItemGroup>
    <ClCompile Include="main.cpp">
      <Filter>win32</Filter>
    </ClCompile>
    <ClCompile Include="..\Classes\AppDelegate.cpp">
      <Filter>src</Filter>
    </ClCompile>
    <ClCompile Include="..\Classes\utils\MyBodyParser.cpp">
      <Filter>src\utils</Filter>
    </ClCompile>
    <ClCompile Include="..\Classes\game\BingoScreen.cpp">
      <Filter>src\game</Filter>
    </ClCompile>
    <ClCompile Include="..\Classes\game\GameAbstract.cpp">
      <Filter>src\game</Filter>
    </ClCompile>
    <ClCompile Include="..\Classes\game\GameScene.cpp">
      <Filter>src\game</Filter>
    </ClCompile>
    <ClCompile Include="..\Classes\game\GameScrollingScreen.cpp">
      <Filter>src\game</Filter>
    </ClCompile>
    <ClCompile Include="..\Classes\game\HelloWorldScene.cpp">
      <Filter>src\game</Filter>
    </ClCompile>
    <ClCompile Include="..\Classes\game\Popup.cpp">
      <Filter>src\game</Filter>
    </ClCompile>
    <ClCompile Include="..\Classes\game\PopupResult.cpp">
      <Filter>src\game</Filter>
    </ClCompile>
    <ClCompile Include="..\Classes\game\SlotTester.cpp">
      <Filter>src\game</Filter>
    </ClCompile>
  </ItemGroup>
  <ItemGroup>
    <ClInclude Include="main.h">
      <Filter>win32</Filter>
    </ClInclude>
    <ClInclude Include="..\Classes\AppDelegate.h">
      <Filter>src</Filter>
    </ClInclude>
    <ClInclude Include="..\Classes\utils\MyBodyParser.h">
      <Filter>src\utils</Filter>
    </ClInclude>
    <ClInclude Include="..\Classes\game\BingoScreen.hpp">
      <Filter>src\game</Filter>
    </ClInclude>
    <ClInclude Include="..\Classes\game\GameAbstract.h">
      <Filter>src\game</Filter>
    </ClInclude>
    <ClInclude Include="..\Classes\game\GameScene.h">
      <Filter>src\game</Filter>
    </ClInclude>
    <ClInclude Include="..\Classes\game\GameScrollingScreen.h">
      <Filter>src\game</Filter>
    </ClInclude>
    <ClInclude Include="..\Classes\game\HelloWorldScene.h">
      <Filter>src\game</Filter>
    </ClInclude>
    <ClInclude Include="..\Classes\game\Popup.hpp">
      <Filter>src\game</Filter>
    </ClInclude>
    <ClInclude Include="..\Classes\game\PopupResult.hpp">
      <Filter>src\game</Filter>
    </ClInclude>
    <ClInclude Include="..\Classes\game\SlotTester.hpp">
      <Filter>src\game</Filter>
    </ClInclude>
  </ItemGroup>
  <ItemGroup>
    <ResourceCompile Include="game.rc">
      <Filter>resource</Filter>
    </ResourceCompile>
  </ItemGroup>
</Project>